
Microsoft Visual Studio Solution File, Format Version 12.00
# Visual Studio Version 17
VisualStudioVersion = 17.1.32319.34
MinimumVisualStudioVersion = 10.0.40219.1
Project("{FAE04EC0-301F-11D3-BF4B-00C04F79EFBC}") = "PC_08_API", "PC_08_API\PC_08_API.csproj", "{91732146-DE84-4AB2-BFEC-E32AE40BC681}"
EndProject
Global
	GlobalSection(SolutionConfigurationPlatforms) = preSolution
		Debug|Any CPU = Debug|Any CPU
		Release|Any CPU = Release|Any CPU
	EndGlobalSection
	GlobalSection(ProjectConfigurationPlatforms) = postSolution
		{91732146-DE84-4AB2-BFEC-E32AE40BC681}.Debug|Any CPU.ActiveCfg = Debug|Any CPU
		{91732146-DE84-4AB2-BFEC-E32AE40BC681}.Debug|Any CPU.Build.0 = Debug|Any CPU
		{91732146-DE84-4AB2-BFEC-E32AE40BC681}.Release|Any CPU.ActiveCfg = Release|Any CPU
		{91732146-DE84-4AB2-BFEC-E32AE40BC681}.Release|Any CPU.Build.0 = Release|Any CPU
	EndGlobalSection
	GlobalSection(SolutionProperties) = preSolution
		HideSolutionNode = FALSE
	EndGlobalSection
	GlobalSection(ExtensibilityGlobals) = postSolution
		SolutionGuid = {F58E9254-37BA-473E-B7F1-B7C6B83A30CA}
	EndGlobalSection
EndGlobal
